// !$*UTF8*$!
{
	archiveVersion = 1;
	classes = {
	};
	objectVersion = 46;
	objects = {

/* Begin PBXBuildFile section */
		1CF9B5621D0862E10095C492 /* AppDelegate.swift in Sources */ = {isa = PBXBuildFile; fileRef = 1CF9B5611D0862E10095C492 /* AppDelegate.swift */; };
		1CF9B5641D0862E10095C492 /* ViewController.swift in Sources */ = {isa = PBXBuildFile; fileRef = 1CF9B5631D0862E10095C492 /* ViewController.swift */; };
		1CF9B5671D0862E10095C492 /* Main.storyboard in Resources */ = {isa = PBXBuildFile; fileRef = 1CF9B5651D0862E10095C492 /* Main.storyboard */; };
		1CF9B5691D0862E10095C492 /* Assets.xcassets in Resources */ = {isa = PBXBuildFile; fileRef = 1CF9B5681D0862E10095C492 /* Assets.xcassets */; };
		1CF9B56C1D0862E10095C492 /* LaunchScreen.storyboard in Resources */ = {isa = PBXBuildFile; fileRef = 1CF9B56A1D0862E10095C492 /* LaunchScreen.storyboard */; };
		1CF9B5771D0862E10095C492 /* My_CalculatorTests.swift in Sources */ = {isa = PBXBuildFile; fileRef = 1CF9B5761D0862E10095C492 /* My_CalculatorTests.swift */; };
		1CF9B5821D0862E10095C492 /* My_CalculatorUITests.swift in Sources */ = {isa = PBXBuildFile; fileRef = 1CF9B5811D0862E10095C492 /* My_CalculatorUITests.swift */; };
/* End PBXBuildFile section */

/* Begin PBXContainerItemProxy section */
		1CF9B5731D0862E10095C492 /* PBXContainerItemProxy */ = {
			isa = PBXContainerItemProxy;
			containerPortal = 1CF9B5561D0862E10095C492 /* Project object */;
			proxyType = 1;
			remoteGlobalIDString = 1CF9B55D1D0862E10095C492;
			remoteInfo = "My Calculator";
		};
		1CF9B57E1D0862E10095C492 /* PBXContainerItemProxy */ = {
			isa = PBXContainerItemProxy;
			containerPortal = 1CF9B5561D0862E10095C492 /* Project object */;
			proxyType = 1;
			remoteGlobalIDString = 1CF9B55D1D0862E10095C492;
			remoteInfo = "My Calculator";
		};
/* End PBXContainerItemProxy section */

/* Begin PBXFileReference section */
		1CF9B55E1D0862E10095C492 /* My Calculator.app */ = {isa = PBXFileReference; explicitFileType = wrapper.application; includeInIndex = 0; path = "My Calculator.app"; sourceTree = BUILT_PRODUCTS_DIR; };
		1CF9B5611D0862E10095C492 /* AppDelegate.swift */ = {isa = PBXFileReference; lastKnownFileType = sourcecode.swift; path = AppDelegate.swift; sourceTree = "<group>"; };
		1CF9B5631D0862E10095C492 /* ViewController.swift */ = {isa = PBXFileReference; lastKnownFileType = sourcecode.swift; path = ViewController.swift; sourceTree = "<group>"; };
		1CF9B5661D0862E10095C492 /* Base */ = {isa = PBXFileReference; lastKnownFileType = file.storyboard; name = Base; path = Base.lproj/Main.storyboard; sourceTree = "<group>"; };
		1CF9B5681D0862E10095C492 /* Assets.xcassets */ = {isa = PBXFileReference; lastKnownFileType = folder.assetcatalog; path = Assets.xcassets; sourceTree = "<group>"; };
		1CF9B56B1D0862E10095C492 /* Base */ = {isa = PBXFileReference; lastKnownFileType = file.storyboard; name = Base; path = Base.lproj/LaunchScreen.storyboard; sourceTree = "<group>"; };
		1CF9B56D1D0862E10095C492 /* Info.plist */ = {isa = PBXFileReference; lastKnownFileType = text.plist.xml; path = Info.plist; sourceTree = "<group>"; };
		1CF9B5721D0862E10095C492 /* My CalculatorTests.xctest */ = {isa = PBXFileReference; explicitFileType = wrapper.cfbundle; includeInIndex = 0; path = "My CalculatorTests.xctest"; sourceTree = BUILT_PRODUCTS_DIR; };
		1CF9B5761D0862E10095C492 /* My_CalculatorTests.swift */ = {isa = PBXFileReference; lastKnownFileType = sourcecode.swift; path = My_CalculatorTests.swift; sourceTree = "<group>"; };
		1CF9B5781D0862E10095C492 /* Info.plist */ = {isa = PBXFileReference; lastKnownFileType = text.plist.xml; path = Info.plist; sourceTree = "<group>"; };
		1CF9B57D1D0862E10095C492 /* My CalculatorUITests.xctest */ = {isa = PBXFileReference; explicitFileType = wrapper.cfbundle; includeInIndex = 0; path = "My CalculatorUITests.xctest"; sourceTree = BUILT_PRODUCTS_DIR; };
		1CF9B5811D0862E10095C492 /* My_CalculatorUITests.swift */ = {isa = PBXFileReference; lastKnownFileType = sourcecode.swift; path = My_CalculatorUITests.swift; sourceTree = "<group>"; };
		1CF9B5831D0862E10095C492 /* Info.plist */ = {isa = PBXFileReference; lastKnownFileType = text.plist.xml; path = Info.plist; sourceTree = "<group>"; };
/* End PBXFileReference section */

/* Begin PBXFrameworksBuildPhase section */
		1CF9B55B1D0862E10095C492 /* Frameworks */ = {
			isa = PBXFrameworksBuildPhase;
			buildActionMask = 2147483647;
			files = (
			);
			runOnlyForDeploymentPostprocessing = 0;
		};
		1CF9B56F1D0862E10095C492 /* Frameworks */ = {
			isa = PBXFrameworksBuildPhase;
			buildActionMask = 2147483647;
			files = (
			);
			runOnlyForDeploymentPostprocessing = 0;
		};
		1CF9B57A1D0862E10095C492 /* Frameworks */ = {
			isa = PBXFrameworksBuildPhase;
			buildActionMask = 2147483647;
			files = (
			);
			runOnlyForDeploymentPostprocessing = 0;
		};
/* End PBXFrameworksBuildPhase section */

/* Begin PBXGroup section */
		1CF9B5551D0862E10095C492 = {
			isa = PBXGroup;
			children = (
				1CF9B5601D0862E10095C492 /* My Calculator */,
				1CF9B5751D0862E10095C492 /* My CalculatorTests */,
				1CF9B5801D0862E10095C492 /* My CalculatorUITests */,
				1CF9B55F1D0862E10095C492 /* Products */,
			);
			sourceTree = "<group>";
		};
		1CF9B55F1D0862E10095C492 /* Products */ = {
			isa = PBXGroup;
			children = (
				1CF9B55E1D0862E10095C492 /* My Calculator.app */,
				1CF9B5721D0862E10095C492 /* My CalculatorTests.xctest */,
				1CF9B57D1D0862E10095C492 /* My CalculatorUITests.xctest */,
			);
			name = Products;
			sourceTree = "<group>";
		};
		1CF9B5601D0862E10095C492 /* My Calculator */ = {
			isa = PBXGroup;
			children = (
				1CF9B5611D0862E10095C492 /* AppDelegate.swift */,
				1CF9B5631D0862E10095C492 /* ViewController.swift */,
				1CF9B5651D0862E10095C492 /* Main.storyboard */,
				1CF9B5681D0862E10095C492 /* Assets.xcassets */,
				1CF9B56A1D0862E10095C492 /* LaunchScreen.storyboard */,
				1CF9B56D1D0862E10095C492 /* Info.plist */,
			);
			path = "My Calculator";
			sourceTree = "<group>";
		};
		1CF9B5751D0862E10095C492 /* My CalculatorTests */ = {
			isa = PBXGroup;
			children = (
				1CF9B5761D0862E10095C492 /* My_CalculatorTests.swift */,
				1CF9B5781D0862E10095C492 /* Info.plist */,
			);
			path = "My CalculatorTests";
			sourceTree = "<group>";
		};
		1CF9B5801D0862E10095C492 /* My CalculatorUITests */ = {
			isa = PBXGroup;
			children = (
				1CF9B5811D0862E10095C492 /* My_CalculatorUITests.swift */,
				1CF9B5831D0862E10095C492 /* Info.plist */,
			);
			path = "My CalculatorUITests";
			sourceTree = "<group>";
		};
/* End PBXGroup section */

/* Begin PBXNativeTarget section */
		1CF9B55D1D0862E10095C492 /* My Calculator */ = {
			isa = PBXNativeTarget;
			buildConfigurationList = 1CF9B5861D0862E10095C492 /* Build configuration list for PBXNativeTarget "My Calculator" */;
			buildPhases = (
				1CF9B55A1D0862E10095C492 /* Sources */,
				1CF9B55B1D0862E10095C492 /* Frameworks */,
				1CF9B55C1D0862E10095C492 /* Resources */,
			);
			buildRules = (
			);
			dependencies = (
			);
			name = "My Calculator";
			productName = "My Calculator";
			productReference = 1CF9B55E1D0862E10095C492 /* My Calculator.app */;
			productType = "com.apple.product-type.application";
		};
		1CF9B5711D0862E10095C492 /* My CalculatorTests */ = {
			isa = PBXNativeTarget;
			buildConfigurationList = 1CF9B5891D0862E10095C492 /* Build configuration list for PBXNativeTarget "My CalculatorTests" */;
			buildPhases = (
				1CF9B56E1D0862E10095C492 /* Sources */,
				1CF9B56F1D0862E10095C492 /* Frameworks */,
				1CF9B5701D0862E10095C492 /* Resources */,
			);
			buildRules = (
			);
			dependencies = (
				1CF9B5741D0862E10095C492 /* PBXTargetDependency */,
			);
			name = "My CalculatorTests";
			productName = "My CalculatorTests";
			productReference = 1CF9B5721D0862E10095C492 /* My CalculatorTests.xctest */;
			productType = "com.apple.product-type.bundle.unit-test";
		};
		1CF9B57C1D0862E10095C492 /* My CalculatorUITests */ = {
			isa = PBXNativeTarget;
			buildConfigurationList = 1CF9B58C1D0862E10095C492 /* Build configuration list for PBXNativeTarget "My CalculatorUITests" */;
			buildPhases = (
				1CF9B5791D0862E10095C492 /* Sources */,
				1CF9B57A1D0862E10095C492 /* Frameworks */,
				1CF9B57B1D0862E10095C492 /* Resources */,
			);
			buildRules = (
			);
			dependencies = (
				1CF9B57F1D0862E10095C492 /* PBXTargetDependency */,
			);
			name = "My CalculatorUITests";
			productName = "My CalculatorUITests";
			productReference = 1CF9B57D1D0862E10095C492 /* My CalculatorUITests.xctest */;
			productType = "com.apple.product-type.bundle.ui-testing";
		};
/* End PBXNativeTarget section */

/* Begin PBXProject section */
		1CF9B5561D0862E10095C492 /* Project object */ = {
			isa = PBXProject;
			attributes = {
				LastSwiftUpdateCheck = 0720;
				LastUpgradeCheck = 0720;
				ORGANIZATIONNAME = "Vicky Mohammad";
				TargetAttributes = {
					1CF9B55D1D0862E10095C492 = {
						CreatedOnToolsVersion = 7.2;
						DevelopmentTeam = RVSLPPTH6M;
					};
					1CF9B5711D0862E10095C492 = {
						CreatedOnToolsVersion = 7.2;
						DevelopmentTeam = RVSLPPTH6M;
						TestTargetID = 1CF9B55D1D0862E10095C492;
					};
					1CF9B57C1D0862E10095C492 = {
						CreatedOnToolsVersion = 7.2;
						DevelopmentTeam = RVSLPPTH6M;
						TestTargetID = 1CF9B55D1D0862E10095C492;
					};
				};
			};
			buildConfigurationList = 1CF9B5591D0862E10095C492 /* Build configuration list for PBXProject "My Calculator" */;
			compatibilityVersion = "Xcode 3.2";
			developmentRegion = English;
			hasScannedForEncodings = 0;
			knownRegions = (
				en,
				Base,
			);
			mainGroup = 1CF9B5551D0862E10095C492;
			productRefGroup = 1CF9B55F1D0862E10095C492 /* Products */;
			projectDirPath = "";
			projectRoot = "";
			targets = (
				1CF9B55D1D0862E10095C492 /* My Calculator */,
				1CF9B5711D0862E10095C492 /* My CalculatorTests */,
				1CF9B57C1D0862E10095C492 /* My CalculatorUITests */,
			);
		};
/* End PBXProject section */

/* Begin PBXResourcesBuildPhase section */
		1CF9B55C1D0862E10095C492 /* Resources */ = {
			isa = PBXResourcesBuildPhase;
			buildActionMask = 2147483647;
			files = (
				1CF9B56C1D0862E10095C492 /* LaunchScreen.storyboard in Resources */,
				1CF9B5691D0862E10095C492 /* Assets.xcassets in Resources */,
				1CF9B5671D0862E10095C492 /* Main.storyboard in Resources */,
			);
			runOnlyForDeploymentPostprocessing = 0;
		};
		1CF9B5701D0862E10095C492 /* Resources */ = {
			isa = PBXResourcesBuildPhase;
			buildActionMask = 2147483647;
			files = (
			);
			runOnlyForDeploymentPostprocessing = 0;
		};
		1CF9B57B1D0862E10095C492 /* Resources */ = {
			isa = PBXResourcesBuildPhase;
			buildActionMask = 2147483647;
			files = (
			);
			runOnlyForDeploymentPostprocessing = 0;
		};
/* End PBXResourcesBuildPhase section */

/* Begin PBXSourcesBuildPhase section */
		1CF9B55A1D0862E10095C492 /* Sources */ = {
			isa = PBXSourcesBuildPhase;
			buildActionMask = 2147483647;
			files = (
				1CF9B5641D0862E10095C492 /* ViewController.swift in Sources */,
				1CF9B5621D0862E10095C492 /* AppDelegate.swift in Sources */,
			);
			runOnlyForDeploymentPostprocessing = 0;
		};
		1CF9B56E1D0862E10095C492 /* Sources */ = {
			isa = PBXSourcesBuildPhase;
			buildActionMask = 2147483647;
			files = (
				1CF9B5771D0862E10095C492 /* My_CalculatorTests.swift in Sources */,
			);
			runOnlyForDeploymentPostprocessing = 0;
		};
		1CF9B5791D0862E10095C492 /* Sources */ = {
			isa = PBXSourcesBuildPhase;
			buildActionMask = 2147483647;
			files = (
				1CF9B5821D0862E10095C492 /* My_CalculatorUITests.swift in Sources */,
			);
			runOnlyForDeploymentPostprocessing = 0;
		};
/* End PBXSourcesBuildPhase section */

/* Begin PBXTargetDependency section */
		1CF9B5741D0862E10095C492 /* PBXTargetDependency */ = {
			isa = PBXTargetDependency;
			target = 1CF9B55D1D0862E10095C492 /* My Calculator */;
			targetProxy = 1CF9B5731D0862E10095C492 /* PBXContainerItemProxy */;
		};
		1CF9B57F1D0862E10095C492 /* PBXTargetDependency */ = {
			isa = PBXTargetDependency;
			target = 1CF9B55D1D0862E10095C492 /* My Calculator */;
			targetProxy = 1CF9B57E1D0862E10095C492 /* PBXContainerItemProxy */;
		};
/* End PBXTargetDependency section */

/* Begin PBXVariantGroup section */
		1CF9B5651D0862E10095C492 /* Main.storyboard */ = {
			isa = PBXVariantGroup;
			children = (
				1CF9B5661D0862E10095C492 /* Base */,
			);
			name = Main.storyboard;
			sourceTree = "<group>";
		};
		1CF9B56A1D0862E10095C492 /* LaunchScreen.storyboard */ = {
			isa = PBXVariantGroup;
			children = (
				1CF9B56B1D0862E10095C492 /* Base */,
			);
			name = LaunchScreen.storyboard;
			sourceTree = "<group>";
		};
/* End PBXVariantGroup section */

/* Begin XCBuildConfiguration section */
		1CF9B5841D0862E10095C492 /* Debug */ = {
			isa = XCBuildConfiguration;
			buildSettings = {
				ALWAYS_SEARCH_USER_PATHS = NO;
				CLANG_CXX_LANGUAGE_STANDARD = "gnu++0x";
				CLANG_CXX_LIBRARY = "libc++";
				CLANG_ENABLE_MODULES = YES;
				CLANG_ENABLE_OBJC_ARC = YES;
				CLANG_WARN_BOOL_CONVERSION = YES;
				CLANG_WARN_CONSTANT_CONVERSION = YES;
				CLANG_WARN_DIRECT_OBJC_ISA_USAGE = YES_ERROR;
				CLANG_WARN_EMPTY_BODY = YES;
				CLANG_WARN_ENUM_CONVERSION = YES;
				CLANG_WARN_INT_CONVERSION = YES;
				CLANG_WARN_OBJC_ROOT_CLASS = YES_ERROR;
				CLANG_WARN_UNREACHABLE_CODE = YES;
				CLANG_WARN__DUPLICATE_METHOD_MATCH = YES;
				"CODE_SIGN_IDENTITY[sdk=iphoneos*]" = "iPhone Developer";
				COPY_PHASE_STRIP = NO;
				DEBUG_INFORMATION_FORMAT = dwarf;
				ENABLE_STRICT_OBJC_MSGSEND = YES;
				ENABLE_TESTABILITY = YES;
				GCC_C_LANGUAGE_STANDARD = gnu99;
				GCC_DYNAMIC_NO_PIC = NO;
				GCC_NO_COMMON_BLOCKS = YES;
				GCC_OPTIMIZATION_LEVEL = 0;
				GCC_PREPROCESSOR_DEFINITIONS = (
					"DEBUG=1",
					"$(inherited)",
				);
				GCC_WARN_64_TO_32_BIT_CONVERSION = YES;
				GCC_WARN_ABOUT_RETURN_TYPE = YES_ERROR;
				GCC_WARN_UNDECLARED_SELECTOR = YES;
				GCC_WARN_UNINITIALIZED_AUTOS = YES_AGGRESSIVE;
				GCC_WARN_UNUSED_FUNCTION = YES;
				GCC_WARN_UNUSED_VARIABLE = YES;
				IPHONEOS_DEPLOYMENT_TARGET = 9.2;
				MTL_ENABLE_DEBUG_INFO = YES;
				ONLY_ACTIVE_ARCH = YES;
				SDKROOT = iphoneos;
				SWIFT_OPTIMIZATION_LEVEL = "-Onone";
				TARGETED_DEVICE_FAMILY = "1,2";
			};
			name = Debug;
		};
		1CF9B5851D0862E10095C492 /* Release */ = {
			isa = XCBuildConfiguration;
			buildSettings = {
				ALWAYS_SEARCH_USER_PATHS = NO;
				CLANG_CXX_LANGUAGE_STANDARD = "gnu++0x";
				CLANG_CXX_LIBRARY = "libc++";
				CLANG_ENABLE_MODULES = YES;
				CLANG_ENABLE_OBJC_ARC = YES;
				CLANG_WARN_BOOL_CONVERSION = YES;
				CLANG_WARN_CONSTANT_CONVERSION = YES;
				CLANG_WARN_DIRECT_OBJC_ISA_USAGE = YES_ERROR;
				CLANG_WARN_EMPTY_BODY = YES;
				CLANG_WARN_ENUM_CONVERSION = YES;
				CLANG_WARN_INT_CONVERSION = YES;
				CLANG_WARN_OBJC_ROOT_CLASS = YES_ERROR;
				CLANG_WARN_UNREACHABLE_CODE = YES;
				CLANG_WARN__DUPLICATE_METHOD_MATCH = YES;
				"CODE_SIGN_IDENTITY[sdk=iphoneos*]" = "iPhone Developer";
				COPY_PHASE_STRIP = NO;
				DEBUG_INFORMATION_FORMAT = "dwarf-with-dsym";
				ENABLE_NS_ASSERTIONS = NO;
				ENABLE_STRICT_OBJC_MSGSEND = YES;
				GCC_C_LANGUAGE_STANDARD = gnu99;
				GCC_NO_COMMON_BLOCKS = YES;
				GCC_WARN_64_TO_32_BIT_CONVERSION = YES;
				GCC_WARN_ABOUT_RETURN_TYPE = YES_ERROR;
				GCC_WARN_UNDECLARED_SELECTOR = YES;
				GCC_WARN_UNINITIALIZED_AUTOS = YES_AGGRESSIVE;
				GCC_WARN_UNUSED_FUNCTION = YES;
				GCC_WARN_UNUSED_VARIABLE = YES;
				IPHONEOS_DEPLOYMENT_TARGET = 9.2;
				MTL_ENABLE_DEBUG_INFO = NO;
				SDKROOT = iphoneos;
				TARGETED_DEVICE_FAMILY = "1,2";
				VALIDATE_PRODUCT = YES;
			};
			name = Release;
		};
		1CF9B5871D0862E10095C492 /* Debug */ = {
			isa = XCBuildConfiguration;
			buildSettings = {
				ASSETCATALOG_COMPILER_APPICON_NAME = AppIcon;
				INFOPLIST_FILE = "My Calculator/Info.plist";
				LD_RUNPATH_SEARCH_PATHS = "$(inherited) @executable_path/Frameworks";
				PRODUCT_BUNDLE_IDENTIFIER = "Vicky-Mohammad.My-Calculator";
				PRODUCT_NAME = "$(TARGET_NAME)";
			};
			name = Debug;
		};
		1CF9B5881D0862E10095C492 /* Release */ = {
			isa = XCBuildConfiguration;
			buildSettings = {
				ASSETCATALOG_COMPILER_APPICON_NAME = AppIcon;
				INFOPLIST_FILE = "My Calculator/Info.plist";
				LD_RUNPATH_SEARCH_PATHS = "$(inherited) @executable_path/Frameworks";
				PRODUCT_BUNDLE_IDENTIFIER = "Vicky-Mohammad.My-Calculator";
				PRODUCT_NAME = "$(TARGET_NAME)";
			};
			name = Release;
		};
		1CF9B58A1D0862E10095C492 /* Debug */ = {
			isa = XCBuildConfiguration;
			buildSettings = {
				BUNDLE_LOADER = "$(TEST_HOST)";
				INFOPLIST_FILE = "My CalculatorTests/Info.plist";
				LD_RUNPATH_SEARCH_PATHS = "$(inherited) @executable_path/Frameworks @loader_path/Frameworks";
				PRODUCT_BUNDLE_IDENTIFIER = "Vicky-Mohammad.My-CalculatorTests";
				PRODUCT_NAME = "$(TARGET_NAME)";
				TEST_HOST = "$(BUILT_PRODUCTS_DIR)/My Calculator.app/My Calculator";
			};
			name = Debug;
		};
		1CF9B58B1D0862E10095C492 /* Release */ = {
			isa = XCBuildConfiguration;
			buildSettings = {
				BUNDLE_LOADER = "$(TEST_HOST)";
				INFOPLIST_FILE = "My CalculatorTests/Info.plist";
				LD_RUNPATH_SEARCH_PATHS = "$(inherited) @executable_path/Frameworks @loader_path/Frameworks";
				PRODUCT_BUNDLE_IDENTIFIER = "Vicky-Mohammad.My-CalculatorTests";
				PRODUCT_NAME = "$(TARGET_NAME)";
				TEST_HOST = "$(BUILT_PRODUCTS_DIR)/My Calculator.app/My Calculator";
			};
			name = Release;
		};
		1CF9B58D1D0862E10095C492 /* Debug */ = {
			isa = XCBuildConfiguration;
			buildSettings = {
				INFOPLIST_FILE = "My CalculatorUITests/Info.plist";
				LD_RUNPATH_SEARCH_PATHS = "$(inherited) @executable_path/Frameworks @loader_path/Frameworks";
				PRODUCT_BUNDLE_IDENTIFIER = "Vicky-Mohammad.My-CalculatorUITests";
				PRODUCT_NAME = "$(TARGET_NAME)";
				TEST_TARGET_NAME = "My Calculator";
				USES_XCTRUNNER = YES;
			};
			name = Debug;
		};
		1CF9B58E1D0862E10095C492 /* Release */ = {
			isa = XCBuildConfiguration;
			buildSettings = {
				INFOPLIST_FILE = "My CalculatorUITests/Info.plist";
				LD_RUNPATH_SEARCH_PATHS = "$(inherited) @executable_path/Frameworks @loader_path/Frameworks";
				PRODUCT_BUNDLE_IDENTIFIER = "Vicky-Mohammad.My-CalculatorUITests";
				PRODUCT_NAME = "$(TARGET_NAME)";
				TEST_TARGET_NAME = "My Calculator";
				USES_XCTRUNNER = YES;
			};
			name = Release;
		};
/* End XCBuildConfiguration section */

/* Begin XCConfigurationList section */
		1CF9B5591D0862E10095C492 /* Build configuration list for PBXProject "My Calculator" */ = {
			isa = XCConfigurationList;
			buildConfigurations = (
				1CF9B5841D0862E10095C492 /* Debug */,
				1CF9B5851D0862E10095C492 /* Release */,
			);
			defaultConfigurationIsVisible = 0;
			defaultConfigurationName = Release;
		};
		1CF9B5861D0862E10095C492 /* Build configuration list for PBXNativeTarget "My Calculator" */ = {
			isa = XCConfigurationList;
			buildConfigurations = (
				1CF9B5871D0862E10095C492 /* Debug */,
				1CF9B5881D0862E10095C492 /* Release */,
			);
			defaultConfigurationIsVisible = 0;
		};
		1CF9B5891D0862E10095C492 /* Build configuration list for PBXNativeTarget "My CalculatorTests" */ = {
			isa = XCConfigurationList;
			buildConfigurations = (
				1CF9B58A1D0862E10095C492 /* Debug */,
				1CF9B58B1D0862E10095C492 /* Release */,
			);
			defaultConfigurationIsVisible = 0;
		};
		1CF9B58C1D0862E10095C492 /* Build configuration list for PBXNativeTarget "My CalculatorUITests" */ = {
			isa = XCConfigurationList;
			buildConfigurations = (
				1CF9B58D1D0862E10095C492 /* Debug */,
				1CF9B58E1D0862E10095C492 /* Release */,
			);
			defaultConfigurationIsVisible = 0;
		};
/* End XCConfigurationList section */
	};
	rootObject = 1CF9B5561D0862E10095C492 /* Project object */;
}
